
Microsoft Visual Studio Solution File, Format Version 12.00
# Visual Studio 15
VisualStudioVersion = 15.0.27130.2010
MinimumVisualStudioVersion = 10.0.40219.1
Project("{FAE04EC0-301F-11D3-BF4B-00C04F79EFBC}") = "Circle", "Circle\Circle.csproj", "{AEE18177-3D3C-477B-AFCD-1D2DB583F298}"
EndProject
Global
	GlobalSection(SolutionConfigurationPlatforms) = preSolution
		Debug|Any CPU = Debug|Any CPU
		Release|Any CPU = Release|Any CPU
	EndGlobalSection
	GlobalSection(ProjectConfigurationPlatforms) = postSolution
		{AEE18177-3D3C-477B-AFCD-1D2DB583F298}.Debug|Any CPU.ActiveCfg = Debug|Any CPU
		{AEE18177-3D3C-477B-AFCD-1D2DB583F298}.Debug|Any CPU.Build.0 = Debug|Any CPU
		{AEE18177-3D3C-477B-AFCD-1D2DB583F298}.Release|Any CPU.ActiveCfg = Release|Any CPU
		{AEE18177-3D3C-477B-AFCD-1D2DB583F298}.Release|Any CPU.Build.0 = Release|Any CPU
	EndGlobalSection
	GlobalSection(SolutionProperties) = preSolution
		HideSolutionNode = FALSE
	EndGlobalSection
	GlobalSection(ExtensibilityGlobals) = postSolution
		SolutionGuid = {6A7A3149-5DB2-481A-9BFA-FE74176BC8CD}
	EndGlobalSection
EndGlobal
